// !$*UTF8*$!
{
	archiveVersion = 1;
	classes = {
	};
	objectVersion = 46;
	objects = {

/* Begin PBXBuildFile section */
		56A0EC961CDC06DD00542148 /* main.m in Sources */ = {isa = PBXBuildFile; fileRef = 56A0EC951CDC06DD00542148 /* main.m */; };
		56A0EC991CDC06DD00542148 /* AppDelegate.m in Sources */ = {isa = PBXBuildFile; fileRef = 56A0EC981CDC06DD00542148 /* AppDelegate.m */; };
		56A0EC9C1CDC06DD00542148 /* ViewController.m in Sources */ = {isa = PBXBuildFile; fileRef = 56A0EC9B1CDC06DD00542148 /* ViewController.m */; };
		56A0EC9F1CDC06DD00542148 /* Main.storyboard in Resources */ = {isa = PBXBuildFile; fileRef = 56A0EC9D1CDC06DD00542148 /* Main.storyboard */; };
		56A0ECA11CDC06DD00542148 /* Assets.xcassets in Resources */ = {isa = PBXBuildFile; fileRef = 56A0ECA01CDC06DD00542148 /* Assets.xcassets */; };
		56A0ECA41CDC06DD00542148 /* LaunchScreen.storyboard in Resources */ = {isa = PBXBuildFile; fileRef = 56A0ECA21CDC06DD00542148 /* LaunchScreen.storyboard */; };
		C241246357C00E6253FCA45B /* libPods-SO36904277.a in Frameworks */ = {isa = PBXBuildFile; fileRef = 68B0F0EAD76AF5671B2F3DD6 /* libPods-SO36904277.a */; };
/* End PBXBuildFile section */

/* Begin PBXFileReference section */
		54DD01A3D7E86DE84CB7F829 /* Pods-SO36904277.debug.xcconfig */ = {isa = PBXFileReference; includeInIndex = 1; lastKnownFileType = text.xcconfig; name = "Pods-SO36904277.debug.xcconfig"; path = "Pods/Target Support Files/Pods-SO36904277/Pods-SO36904277.debug.xcconfig"; sourceTree = "<group>"; };
		56A0EC911CDC06DD00542148 /* SO36904277.app */ = {isa = PBXFileReference; explicitFileType = wrapper.application; includeInIndex = 0; path = SO36904277.app; sourceTree = BUILT_PRODUCTS_DIR; };
		56A0EC951CDC06DD00542148 /* main.m */ = {isa = PBXFileReference; lastKnownFileType = sourcecode.c.objc; path = main.m; sourceTree = "<group>"; };
		56A0EC971CDC06DD00542148 /* AppDelegate.h */ = {isa = PBXFileReference; lastKnownFileType = sourcecode.c.h; path = AppDelegate.h; sourceTree = "<group>"; };
		56A0EC981CDC06DD00542148 /* AppDelegate.m */ = {isa = PBXFileReference; lastKnownFileType = sourcecode.c.objc; path = AppDelegate.m; sourceTree = "<group>"; };
		56A0EC9A1CDC06DD00542148 /* ViewController.h */ = {isa = PBXFileReference; lastKnownFileType = sourcecode.c.h; path = ViewController.h; sourceTree = "<group>"; };
		56A0EC9B1CDC06DD00542148 /* ViewController.m */ = {isa = PBXFileReference; lastKnownFileType = sourcecode.c.objc; path = ViewController.m; sourceTree = "<group>"; };
		56A0EC9E1CDC06DD00542148 /* Base */ = {isa = PBXFileReference; lastKnownFileType = file.storyboard; name = Base; path = Base.lproj/Main.storyboard; sourceTree = "<group>"; };
		56A0ECA01CDC06DD00542148 /* Assets.xcassets */ = {isa = PBXFileReference; lastKnownFileType = folder.assetcatalog; path = Assets.xcassets; sourceTree = "<group>"; };
		56A0ECA31CDC06DD00542148 /* Base */ = {isa = PBXFileReference; lastKnownFileType = file.storyboard; name = Base; path = Base.lproj/LaunchScreen.storyboard; sourceTree = "<group>"; };
		56A0ECA51CDC06DD00542148 /* Info.plist */ = {isa = PBXFileReference; lastKnownFileType = text.plist.xml; path = Info.plist; sourceTree = "<group>"; };
		68B0F0EAD76AF5671B2F3DD6 /* libPods-SO36904277.a */ = {isa = PBXFileReference; explicitFileType = archive.ar; includeInIndex = 0; path = "libPods-SO36904277.a"; sourceTree = BUILT_PRODUCTS_DIR; };
		79E80810DA3A585898D0797E /* Pods-SO36904277.release.xcconfig */ = {isa = PBXFileReference; includeInIndex = 1; lastKnownFileType = text.xcconfig; name = "Pods-SO36904277.release.xcconfig"; path = "Pods/Target Support Files/Pods-SO36904277/Pods-SO36904277.release.xcconfig"; sourceTree = "<group>"; };
/* End PBXFileReference section */

/* Begin PBXFrameworksBuildPhase section */
		56A0EC8E1CDC06DD00542148 /* Frameworks */ = {
			isa = PBXFrameworksBuildPhase;
			buildActionMask = 2147483647;
			files = (
				C241246357C00E6253FCA45B /* libPods-SO36904277.a in Frameworks */,
			);
			runOnlyForDeploymentPostprocessing = 0;
		};
/* End PBXFrameworksBuildPhase section */

/* Begin PBXGroup section */
		56A0EC881CDC06DC00542148 = {
			isa = PBXGroup;
			children = (
				56A0EC931CDC06DD00542148 /* SO36904277 */,
				56A0EC921CDC06DD00542148 /* Products */,
				A904F55C24E4FA11C3621753 /* Pods */,
				7D4B88FCE2A2D2598E8CB923 /* Frameworks */,
			);
			sourceTree = "<group>";
		};
		56A0EC921CDC06DD00542148 /* Products */ = {
			isa = PBXGroup;
			children = (
				56A0EC911CDC06DD00542148 /* SO36904277.app */,
			);
			name = Products;
			sourceTree = "<group>";
		};
		56A0EC931CDC06DD00542148 /* SO36904277 */ = {
			isa = PBXGroup;
			children = (
				56A0EC971CDC06DD00542148 /* AppDelegate.h */,
				56A0EC981CDC06DD00542148 /* AppDelegate.m */,
				56A0EC9A1CDC06DD00542148 /* ViewController.h */,
				56A0EC9B1CDC06DD00542148 /* ViewController.m */,
				56A0EC9D1CDC06DD00542148 /* Main.storyboard */,
				56A0ECA01CDC06DD00542148 /* Assets.xcassets */,
				56A0ECA21CDC06DD00542148 /* LaunchScreen.storyboard */,
				56A0ECA51CDC06DD00542148 /* Info.plist */,
				56A0EC941CDC06DD00542148 /* Supporting Files */,
			);
			path = SO36904277;
			sourceTree = "<group>";
		};
		56A0EC941CDC06DD00542148 /* Supporting Files */ = {
			isa = PBXGroup;
			children = (
				56A0EC951CDC06DD00542148 /* main.m */,
			);
			name = "Supporting Files";
			sourceTree = "<group>";
		};
		7D4B88FCE2A2D2598E8CB923 /* Frameworks */ = {
			isa = PBXGroup;
			children = (
				68B0F0EAD76AF5671B2F3DD6 /* libPods-SO36904277.a */,
			);
			name = Frameworks;
			sourceTree = "<group>";
		};
		A904F55C24E4FA11C3621753 /* Pods */ = {
			isa = PBXGroup;
			children = (
				54DD01A3D7E86DE84CB7F829 /* Pods-SO36904277.debug.xcconfig */,
				79E80810DA3A585898D0797E /* Pods-SO36904277.release.xcconfig */,
			);
			name = Pods;
			sourceTree = "<group>";
		};
/* End PBXGroup section */

/* Begin PBXNativeTarget section */
		56A0EC901CDC06DD00542148 /* SO36904277 */ = {
			isa = PBXNativeTarget;
			buildConfigurationList = 56A0ECA81CDC06DD00542148 /* Build configuration list for PBXNativeTarget "SO36904277" */;
			buildPhases = (
				400172C1FBBEAF68B2228BE1 /* Check Pods Manifest.lock */,
				56A0EC8D1CDC06DD00542148 /* Sources */,
				56A0EC8E1CDC06DD00542148 /* Frameworks */,
				56A0EC8F1CDC06DD00542148 /* Resources */,
				8856DD679C92F15E9F468352 /* Embed Pods Frameworks */,
				F652468DD22C2F6D538EA353 /* Copy Pods Resources */,
			);
			buildRules = (
			);
			dependencies = (
			);
			name = SO36904277;
			productName = SO36904277;
			productReference = 56A0EC911CDC06DD00542148 /* SO36904277.app */;
			productType = "com.apple.product-type.application";
		};
/* End PBXNativeTarget section */

/* Begin PBXProject section */
		56A0EC891CDC06DC00542148 /* Project object */ = {
			isa = PBXProject;
			attributes = {
				LastUpgradeCheck = 0720;
				ORGANIZATIONNAME = coladapp.com;
				TargetAttributes = {
					56A0EC901CDC06DD00542148 = {
						CreatedOnToolsVersion = 7.2.1;
					};
				};
			};
			buildConfigurationList = 56A0EC8C1CDC06DC00542148 /* Build configuration list for PBXProject "SO36904277" */;
			compatibilityVersion = "Xcode 3.2";
			developmentRegion = English;
			hasScannedForEncodings = 0;
			knownRegions = (
				en,
				Base,
			);
			mainGroup = 56A0EC881CDC06DC00542148;
			productRefGroup = 56A0EC921CDC06DD00542148 /* Products */;
			projectDirPath = "";
			projectRoot = "";
			targets = (
				56A0EC901CDC06DD00542148 /* SO36904277 */,
			);
		};
/* End PBXProject section */

/* Begin PBXResourcesBuildPhase section */
		56A0EC8F1CDC06DD00542148 /* Resources */ = {
			isa = PBXResourcesBuildPhase;
			buildActionMask = 2147483647;
			files = (
				56A0ECA41CDC06DD00542148 /* LaunchScreen.storyboard in Resources */,
				56A0ECA11CDC06DD00542148 /* Assets.xcassets in Resources */,
				56A0EC9F1CDC06DD00542148 /* Main.storyboard in Resources */,
			);
			runOnlyForDeploymentPostprocessing = 0;
		};
/* End PBXResourcesBuildPhase section */

/* Begin PBXShellScriptBuildPhase section */
		400172C1FBBEAF68B2228BE1 /* Check Pods Manifest.lock */ = {
			isa = PBXShellScriptBuildPhase;
			buildActionMask = 2147483647;
			files = (
			);
			inputPaths = (
			);
			name = "Check Pods Manifest.lock";
			outputPaths = (
			);
			runOnlyForDeploymentPostprocessing = 0;
			shellPath = /bin/sh;
			shellScript = "diff \"${PODS_ROOT}/../Podfile.lock\" \"${PODS_ROOT}/Manifest.lock\" > /dev/null\nif [[ $? != 0 ]] ; then\n    cat << EOM\nerror: The sandbox is not in sync with the Podfile.lock. Run 'pod install' or update your CocoaPods installation.\nEOM\n    exit 1\nfi\n";
			showEnvVarsInLog = 0;
		};
		8856DD679C92F15E9F468352 /* Embed Pods Frameworks */ = {
			isa = PBXShellScriptBuildPhase;
			buildActionMask = 2147483647;
			files = (
			);
			inputPaths = (
			);
			name = "Embed Pods Frameworks";
			outputPaths = (
			);
			runOnlyForDeploymentPostprocessing = 0;
			shellPath = /bin/sh;
			shellScript = "\"${SRCROOT}/Pods/Target Support Files/Pods-SO36904277/Pods-SO36904277-frameworks.sh\"\n";
			showEnvVarsInLog = 0;
		};
		F652468DD22C2F6D538EA353 /* Copy Pods Resources */ = {
			isa = PBXShellScriptBuildPhase;
			buildActionMask = 2147483647;
			files = (
			);
			inputPaths = (
			);
			name = "Copy Pods Resources";
			outputPaths = (
			);
			runOnlyForDeploymentPostprocessing = 0;
			shellPath = /bin/sh;
			shellScript = "\"${SRCROOT}/Pods/Target Support Files/Pods-SO36904277/Pods-SO36904277-resources.sh\"\n";
			showEnvVarsInLog = 0;
		};
/* End PBXShellScriptBuildPhase section */

/* Begin PBXSourcesBuildPhase section */
		56A0EC8D1CDC06DD00542148 /* Sources */ = {
			isa = PBXSourcesBuildPhase;
			buildActionMask = 2147483647;
			files = (
				56A0EC9C1CDC06DD00542148 /* ViewController.m in Sources */,
				56A0EC991CDC06DD00542148 /* AppDelegate.m in Sources */,
				56A0EC961CDC06DD00542148 /* main.m in Sources */,
			);
			runOnlyForDeploymentPostprocessing = 0;
		};
/* End PBXSourcesBuildPhase section */

/* Begin PBXVariantGroup section */
		56A0EC9D1CDC06DD00542148 /* Main.storyboard */ = {
			isa = PBXVariantGroup;
			children = (
				56A0EC9E1CDC06DD00542148 /* Base */,
			);
			name = Main.storyboard;
			sourceTree = "<group>";
		};
		56A0ECA21CDC06DD00542148 /* LaunchScreen.storyboard */ = {
			isa = PBXVariantGroup;
			children = (
				56A0ECA31CDC06DD00542148 /* Base */,
			);
			name = LaunchScreen.storyboard;
			sourceTree = "<group>";
		};
/* End PBXVariantGroup section */

/* Begin XCBuildConfiguration section */
		56A0ECA61CDC06DD00542148 /* Debug */ = {
			isa = XCBuildConfiguration;
			buildSettings = {
				ALWAYS_SEARCH_USER_PATHS = NO;
				CLANG_CXX_LANGUAGE_STANDARD = "gnu++0x";
				CLANG_CXX_LIBRARY = "libc++";
				CLANG_ENABLE_MODULES = YES;
				CLANG_ENABLE_OBJC_ARC = YES;
				CLANG_WARN_BOOL_CONVERSION = YES;
				CLANG_WARN_CONSTANT_CONVERSION = YES;
				CLANG_WARN_DIRECT_OBJC_ISA_USAGE = YES_ERROR;
				CLANG_WARN_EMPTY_BODY = YES;
				CLANG_WARN_ENUM_CONVERSION = YES;
				CLANG_WARN_INT_CONVERSION = YES;
				CLANG_WARN_OBJC_ROOT_CLASS = YES_ERROR;
				CLANG_WARN_UNREACHABLE_CODE = YES;
				CLANG_WARN__DUPLICATE_METHOD_MATCH = YES;
				"CODE_SIGN_IDENTITY[sdk=iphoneos*]" = "iPhone Developer";
				COPY_PHASE_STRIP = NO;
				DEBUG_INFORMATION_FORMAT = dwarf;
				ENABLE_STRICT_OBJC_MSGSEND = YES;
				ENABLE_TESTABILITY = YES;
				GCC_C_LANGUAGE_STANDARD = gnu99;
				GCC_DYNAMIC_NO_PIC = NO;
				GCC_NO_COMMON_BLOCKS = YES;
				GCC_OPTIMIZATION_LEVEL = 0;
				GCC_PREPROCESSOR_DEFINITIONS = (
					"DEBUG=1",
					"$(inherited)",
				);
				GCC_WARN_64_TO_32_BIT_CONVERSION = YES;
				GCC_WARN_ABOUT_RETURN_TYPE = YES_ERROR;
				GCC_WARN_UNDECLARED_SELECTOR = YES;
				GCC_WARN_UNINITIALIZED_AUTOS = YES_AGGRESSIVE;
				GCC_WARN_UNUSED_FUNCTION = YES;
				GCC_WARN_UNUSED_VARIABLE = YES;
				IPHONEOS_DEPLOYMENT_TARGET = 9.2;
				MTL_ENABLE_DEBUG_INFO = YES;
				ONLY_ACTIVE_ARCH = YES;
				SDKROOT = iphoneos;
			};
			name = Debug;
		};
		56A0ECA71CDC06DD00542148 /* Release */ = {
			isa = XCBuildConfiguration;
			buildSettings = {
				ALWAYS_SEARCH_USER_PATHS = NO;
				CLANG_CXX_LANGUAGE_STANDARD = "gnu++0x";
				CLANG_CXX_LIBRARY = "libc++";
				CLANG_ENABLE_MODULES = YES;
				CLANG_ENABLE_OBJC_ARC = YES;
				CLANG_WARN_BOOL_CONVERSION = YES;
				CLANG_WARN_CONSTANT_CONVERSION = YES;
				CLANG_WARN_DIRECT_OBJC_ISA_USAGE = YES_ERROR;
				CLANG_WARN_EMPTY_BODY = YES;
				CLANG_WARN_ENUM_CONVERSION = YES;
				CLANG_WARN_INT_CONVERSION = YES;
				CLANG_WARN_OBJC_ROOT_CLASS = YES_ERROR;
				CLANG_WARN_UNREACHABLE_CODE = YES;
				CLANG_WARN__DUPLICATE_METHOD_MATCH = YES;
				"CODE_SIGN_IDENTITY[sdk=iphoneos*]" = "iPhone Developer";
				COPY_PHASE_STRIP = NO;
				DEBUG_INFORMATION_FORMAT = "dwarf-with-dsym";
				ENABLE_NS_ASSERTIONS = NO;
				ENABLE_STRICT_OBJC_MSGSEND = YES;
				GCC_C_LANGUAGE_STANDARD = gnu99;
				GCC_NO_COMMON_BLOCKS = YES;
				GCC_WARN_64_TO_32_BIT_CONVERSION = YES;
				GCC_WARN_ABOUT_RETURN_TYPE = YES_ERROR;
				GCC_WARN_UNDECLARED_SELECTOR = YES;
				GCC_WARN_UNINITIALIZED_AUTOS = YES_AGGRESSIVE;
				GCC_WARN_UNUSED_FUNCTION = YES;
				GCC_WARN_UNUSED_VARIABLE = YES;
				IPHONEOS_DEPLOYMENT_TARGET = 9.2;
				MTL_ENABLE_DEBUG_INFO = NO;
				SDKROOT = iphoneos;
				VALIDATE_PRODUCT = YES;
			};
			name = Release;
		};
		56A0ECA91CDC06DD00542148 /* Debug */ = {
			isa = XCBuildConfiguration;
			baseConfigurationReference = 54DD01A3D7E86DE84CB7F829 /* Pods-SO36904277.debug.xcconfig */;
			buildSettings = {
				ASSETCATALOG_COMPILER_APPICON_NAME = AppIcon;
				INFOPLIST_FILE = SO36904277/Info.plist;
				LD_RUNPATH_SEARCH_PATHS = "$(inherited) @executable_path/Frameworks";
				PRODUCT_BUNDLE_IDENTIFIER = coladapp.com.SO36904277;
				PRODUCT_NAME = "$(TARGET_NAME)";
			};
			name = Debug;
		};
		56A0ECAA1CDC06DD00542148 /* Release */ = {
			isa = XCBuildConfiguration;
			baseConfigurationReference = 79E80810DA3A585898D0797E /* Pods-SO36904277.release.xcconfig */;
			buildSettings = {
				ASSETCATALOG_COMPILER_APPICON_NAME = AppIcon;
				INFOPLIST_FILE = SO36904277/Info.plist;
				LD_RUNPATH_SEARCH_PATHS = "$(inherited) @executable_path/Frameworks";
				PRODUCT_BUNDLE_IDENTIFIER = coladapp.com.SO36904277;
				PRODUCT_NAME = "$(TARGET_NAME)";
			};
			name = Release;
		};
/* End XCBuildConfiguration section */

/* Begin XCConfigurationList section */
		56A0EC8C1CDC06DC00542148 /* Build configuration list for PBXProject "SO36904277" */ = {
			isa = XCConfigurationList;
			buildConfigurations = (
				56A0ECA61CDC06DD00542148 /* Debug */,
				56A0ECA71CDC06DD00542148 /* Release */,
			);
			defaultConfigurationIsVisible = 0;
			defaultConfigurationName = Release;
		};
		56A0ECA81CDC06DD00542148 /* Build configuration list for PBXNativeTarget "SO36904277" */ = {
			isa = XCConfigurationList;
			buildConfigurations = (
				56A0ECA91CDC06DD00542148 /* Debug */,
				56A0ECAA1CDC06DD00542148 /* Release */,
			);
			defaultConfigurationIsVisible = 0;
			defaultConfigurationName = Release;
		};
/* End XCConfigurationList section */
	};
	rootObject = 56A0EC891CDC06DC00542148 /* Project object */;
}
